
Microsoft Visual Studio Solution File, Format Version 12.00
# Visual Studio Version 16
VisualStudioVersion = 16.0.29709.97
MinimumVisualStudioVersion = 10.0.40219.1
Project("{9A19103F-16F7-4668-BE54-9A1E7A4F7556}") = "200204-Exemples1", "C:\Users\EminoMeneko\source\repos\200204-Exo1\200204-Exo1\200204-Exemples1.csproj", "{1BBC7F12-E65D-4877-8083-58DD30BD2FA0}"
EndProject
Project("{9A19103F-16F7-4668-BE54-9A1E7A4F7556}") = "200204-Exo1 Service hospitalier", "200204-Exo1\200204-Exo1 Service hospitalier.csproj", "{F4C9D306-E499-404E-8B9C-1537493D8F81}"
EndProject
Project("{9A19103F-16F7-4668-BE54-9A1E7A4F7556}") = "200204-Exo2 Pollution", "200204-Exo2 Pollution\200204-Exo2 Pollution.csproj", "{02846F66-0906-45CB-A9D8-73A7AE564C9E}"
EndProject
Project("{9A19103F-16F7-4668-BE54-9A1E7A4F7556}") = "200204-Exo3 Calcul Stats Perso", "200204-Exo3 Calcul Stats Perso\200204-Exo3 Calcul Stats Perso.csproj", "{C9E29594-1AA7-4D4F-A4B7-8BE829578C12}"
EndProject
Project("{9A19103F-16F7-4668-BE54-9A1E7A4F7556}") = "200206-Exo4 Banque", "200206-Exo4  Banque\200206-Exo4 Banque.csproj", "{0745F2DD-6243-4337-89EE-6473EEFF7E12}"
EndProject
Project("{2150E333-8FDC-42A3-9474-1A3956D46DE8}") = "Design Pattern", "Design Pattern", "{B3FC59DC-E3B1-4D59-B373-308E129BC14A}"
EndProject
Project("{9A19103F-16F7-4668-BE54-9A1E7A4F7556}") = "Decorator", "Decorator\Decorator.csproj", "{7624FAEC-1522-4DA0-995C-DABC795D21E9}"
EndProject
Project("{2150E333-8FDC-42A3-9474-1A3956D46DE8}") = "Exos", "Exos", "{2EAF8499-AE58-4D0A-98DD-8FCFF176F889}"
EndProject
Project("{2150E333-8FDC-42A3-9474-1A3956D46DE8}") = "Solution Items", "Solution Items", "{0775AC54-A1B8-45ED-A1B6-B57E5F70541C}"
	ProjectSection(SolutionItems) = preProject
		.editorconfig = .editorconfig
	EndProjectSection
EndProject
Project("{2150E333-8FDC-42A3-9474-1A3956D46DE8}") = "Cours", "Cours", "{92AFDA92-2609-4E75-9A24-C50F3D357748}"
EndProject
Project("{9A19103F-16F7-4668-BE54-9A1E7A4F7556}") = "200211-Threads", "200211-Threads\200211-Threads.csproj", "{03FFAE7E-13BC-4217-9581-72C402E02ACC}"
EndProject
Project("{9A19103F-16F7-4668-BE54-9A1E7A4F7556}") = "200211-Exo5  Random Exec Time", "200211-Exo5  Random Exec Time\200211-Exo5  Random Exec Time.csproj", "{DE58DC13-9A6F-453A-9B23-6FCA0E468A58}"
EndProject
Project("{9A19103F-16F7-4668-BE54-9A1E7A4F7556}") = "200211-Exo6 MultiThread Fibonacci", "200211-Exo6 MultiThread Fibonacci\200211-Exo6 MultiThread Fibonacci.csproj", "{3D3287B2-4F2E-4B65-B9CA-BB7FE3032142}"
EndProject
Project("{2150E333-8FDC-42A3-9474-1A3956D46DE8}") = "Tests", "Tests", "{931BCFDD-974F-4A9F-9F79-F8422D910ECC}"
EndProject
Project("{9A19103F-16F7-4668-BE54-9A1E7A4F7556}") = "200212-Exo4-BanqueTest", "200212-Exo4-BanqueTest\200212-Exo4-BanqueTest.csproj", "{DF1B0F71-CC7C-48F8-B176-4A81ADC01068}"
EndProject
Project("{9A19103F-16F7-4668-BE54-9A1E7A4F7556}") = "200213-Exo7 Thread et var partagée", "200213-Exo7 Thread et var partagée\200213-Exo7 Thread et var partagée.csproj", "{7CFD2B50-0875-4651-974C-60CBCF5CCA3D}"
EndProject
Project("{9A19103F-16F7-4668-BE54-9A1E7A4F7556}") = "200213-Exo8 Thread affichage multiple de lettres", "200213-Exo8 Thread affichage multiple de lettres\200213-Exo8 Thread affichage multiple de lettres.csproj", "{EE0EF414-0047-4707-A6D4-BBF848B40993}"
EndProject
Project("{FAE04EC0-301F-11D3-BF4B-00C04F79EFBC}") = "200213-Exo8 Thread affichage multiple de lettresTests", "200213-Exo8 Thread affichage multiple de lettresTests\200213-Exo8 Thread affichage multiple de lettresTests.csproj", "{33405761-2E47-48C5-8DCB-0564E741D63D}"
EndProject
Global
	GlobalSection(SolutionConfigurationPlatforms) = preSolution
		Debug|Any CPU = Debug|Any CPU
		Release|Any CPU = Release|Any CPU
	EndGlobalSection
	GlobalSection(ProjectConfigurationPlatforms) = postSolution
		{1BBC7F12-E65D-4877-8083-58DD30BD2FA0}.Debug|Any CPU.ActiveCfg = Debug|Any CPU
		{1BBC7F12-E65D-4877-8083-58DD30BD2FA0}.Debug|Any CPU.Build.0 = Debug|Any CPU
		{1BBC7F12-E65D-4877-8083-58DD30BD2FA0}.Release|Any CPU.ActiveCfg = Release|Any CPU
		{1BBC7F12-E65D-4877-8083-58DD30BD2FA0}.Release|Any CPU.Build.0 = Release|Any CPU
		{F4C9D306-E499-404E-8B9C-1537493D8F81}.Debug|Any CPU.ActiveCfg = Debug|Any CPU
		{F4C9D306-E499-404E-8B9C-1537493D8F81}.Debug|Any CPU.Build.0 = Debug|Any CPU
		{F4C9D306-E499-404E-8B9C-1537493D8F81}.Release|Any CPU.ActiveCfg = Release|Any CPU
		{F4C9D306-E499-404E-8B9C-1537493D8F81}.Release|Any CPU.Build.0 = Release|Any CPU
		{02846F66-0906-45CB-A9D8-73A7AE564C9E}.Debug|Any CPU.ActiveCfg = Debug|Any CPU
		{02846F66-0906-45CB-A9D8-73A7AE564C9E}.Debug|Any CPU.Build.0 = Debug|Any CPU
		{02846F66-0906-45CB-A9D8-73A7AE564C9E}.Release|Any CPU.ActiveCfg = Release|Any CPU
		{02846F66-0906-45CB-A9D8-73A7AE564C9E}.Release|Any CPU.Build.0 = Release|Any CPU
		{C9E29594-1AA7-4D4F-A4B7-8BE829578C12}.Debug|Any CPU.ActiveCfg = Debug|Any CPU
		{C9E29594-1AA7-4D4F-A4B7-8BE829578C12}.Debug|Any CPU.Build.0 = Debug|Any CPU
		{C9E29594-1AA7-4D4F-A4B7-8BE829578C12}.Release|Any CPU.ActiveCfg = Release|Any CPU
		{C9E29594-1AA7-4D4F-A4B7-8BE829578C12}.Release|Any CPU.Build.0 = Release|Any CPU
		{0745F2DD-6243-4337-89EE-6473EEFF7E12}.Debug|Any CPU.ActiveCfg = Debug|Any CPU
		{0745F2DD-6243-4337-89EE-6473EEFF7E12}.Debug|Any CPU.Build.0 = Debug|Any CPU
		{0745F2DD-6243-4337-89EE-6473EEFF7E12}.Release|Any CPU.ActiveCfg = Release|Any CPU
		{0745F2DD-6243-4337-89EE-6473EEFF7E12}.Release|Any CPU.Build.0 = Release|Any CPU
		{7624FAEC-1522-4DA0-995C-DABC795D21E9}.Debug|Any CPU.ActiveCfg = Debug|Any CPU
		{7624FAEC-1522-4DA0-995C-DABC795D21E9}.Debug|Any CPU.Build.0 = Debug|Any CPU
		{7624FAEC-1522-4DA0-995C-DABC795D21E9}.Release|Any CPU.ActiveCfg = Release|Any CPU
		{7624FAEC-1522-4DA0-995C-DABC795D21E9}.Release|Any CPU.Build.0 = Release|Any CPU
		{03FFAE7E-13BC-4217-9581-72C402E02ACC}.Debug|Any CPU.ActiveCfg = Debug|Any CPU
		{03FFAE7E-13BC-4217-9581-72C402E02ACC}.Debug|Any CPU.Build.0 = Debug|Any CPU
		{03FFAE7E-13BC-4217-9581-72C402E02ACC}.Release|Any CPU.ActiveCfg = Release|Any CPU
		{03FFAE7E-13BC-4217-9581-72C402E02ACC}.Release|Any CPU.Build.0 = Release|Any CPU
		{DE58DC13-9A6F-453A-9B23-6FCA0E468A58}.Debug|Any CPU.ActiveCfg = Debug|Any CPU
		{DE58DC13-9A6F-453A-9B23-6FCA0E468A58}.Debug|Any CPU.Build.0 = Debug|Any CPU
		{DE58DC13-9A6F-453A-9B23-6FCA0E468A58}.Release|Any CPU.ActiveCfg = Release|Any CPU
		{DE58DC13-9A6F-453A-9B23-6FCA0E468A58}.Release|Any CPU.Build.0 = Release|Any CPU
		{3D3287B2-4F2E-4B65-B9CA-BB7FE3032142}.Debug|Any CPU.ActiveCfg = Debug|Any CPU
		{3D3287B2-4F2E-4B65-B9CA-BB7FE3032142}.Debug|Any CPU.Build.0 = Debug|Any CPU
		{3D3287B2-4F2E-4B65-B9CA-BB7FE3032142}.Release|Any CPU.ActiveCfg = Release|Any CPU
		{3D3287B2-4F2E-4B65-B9CA-BB7FE3032142}.Release|Any CPU.Build.0 = Release|Any CPU
		{DF1B0F71-CC7C-48F8-B176-4A81ADC01068}.Debug|Any CPU.ActiveCfg = Debug|Any CPU
		{DF1B0F71-CC7C-48F8-B176-4A81ADC01068}.Debug|Any CPU.Build.0 = Debug|Any CPU
		{DF1B0F71-CC7C-48F8-B176-4A81ADC01068}.Release|Any CPU.ActiveCfg = Release|Any CPU
		{DF1B0F71-CC7C-48F8-B176-4A81ADC01068}.Release|Any CPU.Build.0 = Release|Any CPU
		{7CFD2B50-0875-4651-974C-60CBCF5CCA3D}.Debug|Any CPU.ActiveCfg = Debug|Any CPU
		{7CFD2B50-0875-4651-974C-60CBCF5CCA3D}.Debug|Any CPU.Build.0 = Debug|Any CPU
		{7CFD2B50-0875-4651-974C-60CBCF5CCA3D}.Release|Any CPU.ActiveCfg = Release|Any CPU
		{7CFD2B50-0875-4651-974C-60CBCF5CCA3D}.Release|Any CPU.Build.0 = Release|Any CPU
		{EE0EF414-0047-4707-A6D4-BBF848B40993}.Debug|Any CPU.ActiveCfg = Debug|Any CPU
		{EE0EF414-0047-4707-A6D4-BBF848B40993}.Debug|Any CPU.Build.0 = Debug|Any CPU
		{EE0EF414-0047-4707-A6D4-BBF848B40993}.Release|Any CPU.ActiveCfg = Release|Any CPU
		{EE0EF414-0047-4707-A6D4-BBF848B40993}.Release|Any CPU.Build.0 = Release|Any CPU
		{33405761-2E47-48C5-8DCB-0564E741D63D}.Debug|Any CPU.ActiveCfg = Debug|Any CPU
		{33405761-2E47-48C5-8DCB-0564E741D63D}.Debug|Any CPU.Build.0 = Debug|Any CPU
		{33405761-2E47-48C5-8DCB-0564E741D63D}.Release|Any CPU.ActiveCfg = Release|Any CPU
		{33405761-2E47-48C5-8DCB-0564E741D63D}.Release|Any CPU.Build.0 = Release|Any CPU
	EndGlobalSection
	GlobalSection(SolutionProperties) = preSolution
		HideSolutionNode = FALSE
	EndGlobalSection
	GlobalSection(NestedProjects) = preSolution
		{1BBC7F12-E65D-4877-8083-58DD30BD2FA0} = {92AFDA92-2609-4E75-9A24-C50F3D357748}
		{F4C9D306-E499-404E-8B9C-1537493D8F81} = {2EAF8499-AE58-4D0A-98DD-8FCFF176F889}
		{02846F66-0906-45CB-A9D8-73A7AE564C9E} = {2EAF8499-AE58-4D0A-98DD-8FCFF176F889}
		{C9E29594-1AA7-4D4F-A4B7-8BE829578C12} = {2EAF8499-AE58-4D0A-98DD-8FCFF176F889}
		{0745F2DD-6243-4337-89EE-6473EEFF7E12} = {2EAF8499-AE58-4D0A-98DD-8FCFF176F889}
		{7624FAEC-1522-4DA0-995C-DABC795D21E9} = {B3FC59DC-E3B1-4D59-B373-308E129BC14A}
		{03FFAE7E-13BC-4217-9581-72C402E02ACC} = {92AFDA92-2609-4E75-9A24-C50F3D357748}
		{DE58DC13-9A6F-453A-9B23-6FCA0E468A58} = {2EAF8499-AE58-4D0A-98DD-8FCFF176F889}
		{3D3287B2-4F2E-4B65-B9CA-BB7FE3032142} = {2EAF8499-AE58-4D0A-98DD-8FCFF176F889}
		{DF1B0F71-CC7C-48F8-B176-4A81ADC01068} = {931BCFDD-974F-4A9F-9F79-F8422D910ECC}
		{7CFD2B50-0875-4651-974C-60CBCF5CCA3D} = {2EAF8499-AE58-4D0A-98DD-8FCFF176F889}
		{EE0EF414-0047-4707-A6D4-BBF848B40993} = {2EAF8499-AE58-4D0A-98DD-8FCFF176F889}
		{33405761-2E47-48C5-8DCB-0564E741D63D} = {931BCFDD-974F-4A9F-9F79-F8422D910ECC}
	EndGlobalSection
	GlobalSection(ExtensibilityGlobals) = postSolution
		SolutionGuid = {008FE6AF-3420-49DE-A20D-49BA912B30B1}
	EndGlobalSection
EndGlobal
